{
  "version": "4",
  "specifiers": {
    "jsr:@skmtc/core@^0.0.578": "0.0.578",
    "jsr:@std/fmt@^1.0.5": "1.0.5",
    "jsr:@std/fs@^1.0.11": "1.0.13",
    "jsr:@std/io@~0.225.2": "0.225.2",
    "jsr:@std/log@~0.224.6": "0.224.14",
    "jsr:@std/path@1.0.6": "1.0.6",
    "jsr:@std/path@^1.0.8": "1.0.8",
    "jsr:@std/yaml@0.215.0": "0.215.0",
    "npm:@babel/helper-validator-identifier@7.22.20": "7.22.20",
    "npm:@hono/zod-openapi@~0.18.4": "0.18.4_hono@4.7.2_zod@3.24.2",
    "npm:@sentry/deno@8.47.0": "8.47.0",
    "npm:@types/babel__helper-validator-identifier@7.15.2": "7.15.2",
    "npm:@types/lodash-es@4.17.12": "4.17.12",
    "npm:lodash-es@4.17.21": "4.17.21",
    "npm:lodash-es@^4.17.21": "4.17.21",
    "npm:openapi-types@12.1.3": "12.1.3",
    "npm:tiny-invariant@1.3.3": "1.3.3",
    "npm:ts-pattern@5.6.0": "5.6.0",
    "npm:ts-pattern@^5.6.2": "5.6.2",
    "npm:zod-to-json-schema@^3.24.1": "3.24.2_zod@3.24.2",
    "npm:zod@3.24.1": "3.24.1",
    "npm:zod@^3.24.1": "3.24.2"
  },
  "jsr": {
    "@skmtc/core@0.0.578": {
      "integrity": "038c206ea4260694025581fe55ef8fe84ecac39f9fe5857088a39397c9d5d6ba",
      "dependencies": [
        "jsr:@std/log",
        "jsr:@std/path@1.0.6",
        "jsr:@std/yaml",
        "npm:@babel/helper-validator-identifier",
        "npm:@hono/zod-openapi",
        "npm:@sentry/deno",
        "npm:@types/babel__helper-validator-identifier",
        "npm:@types/lodash-es",
        "npm:lodash-es@4.17.21",
        "npm:openapi-types",
        "npm:tiny-invariant",
        "npm:ts-pattern@5.6.0",
        "npm:zod-to-json-schema",
        "npm:zod@3.24.1",
        "npm:zod@^3.24.1"
      ]
    },
    "@std/fmt@1.0.5": {
      "integrity": "0cfab43364bc36650d83c425cd6d99910fc20c4576631149f0f987eddede1a4d"
    },
    "@std/fs@1.0.13": {
      "integrity": "756d3ff0ade91c9e72b228e8012b6ff00c3d4a4ac9c642c4dac083536bf6c605"
    },
    "@std/io@0.225.2": {
      "integrity": "3c740cd4ee4c082e6cfc86458f47e2ab7cb353dc6234d5e9b1f91a2de5f4d6c7"
    },
    "@std/log@0.224.14": {
      "integrity": "257f7adceee3b53bb2bc86c7242e7d1bc59729e57d4981c4a7e5b876c808f05e",
      "dependencies": [
        "jsr:@std/fmt",
        "jsr:@std/fs",
        "jsr:@std/io"
      ]
    },
    "@std/path@1.0.6": {
      "integrity": "ab2c55f902b380cf28e0eec501b4906e4c1960d13f00e11cfbcd21de15f18fed"
    },
    "@std/path@1.0.8": {
      "integrity": "548fa456bb6a04d3c1a1e7477986b6cffbce95102d0bb447c67c4ee70e0364be"
    },
    "@std/yaml@0.215.0": {
      "integrity": "e0677db8ba9bef4fab6242dbd0a85785e2f8f2b973c60d976ddb46daaa8226e8"
    }
  },
  "npm": {
    "@asteasolutions/zod-to-openapi@7.3.0_zod@3.24.2": {
      "integrity": "sha512-7tE/r1gXwMIvGnXVUdIqUhCU1RevEFC4Jk6Bussa0fk1ecbnnINkZzj1EOAJyE/M3AI25DnHT/zKQL1/FPFi8Q==",
      "dependencies": [
        "openapi3-ts",
        "zod@3.24.2"
      ]
    },
    "@babel/helper-validator-identifier@7.22.20": {
      "integrity": "sha512-Y4OZ+ytlatR8AI+8KZfKuL5urKp7qey08ha31L8b3BwewJAoJamTzyvxPR/5D+KkdJCGPq/+8TukHBlY10FX9A=="
    },
    "@hono/zod-openapi@0.18.4_hono@4.7.2_zod@3.24.2": {
      "integrity": "sha512-6NHMHU96Hh32B1yDhb94Z4Z5/POsmEu2AXpWLWcBq9arskRnOMt2752yEoXoADV8WUAc7H1IkNaQHGj1ytXbYw==",
      "dependencies": [
        "@asteasolutions/zod-to-openapi",
        "@hono/zod-validator",
        "hono",
        "zod@3.24.2"
      ]
    },
    "@hono/zod-validator@0.4.3_hono@4.7.2_zod@3.24.2": {
      "integrity": "sha512-xIgMYXDyJ4Hj6ekm9T9Y27s080Nl9NXHcJkOvkXPhubOLj8hZkOL8pDnnXfvCf5xEE8Q4oMFenQUZZREUY2gqQ==",
      "dependencies": [
        "hono",
        "zod@3.24.2"
      ]
    },
    "@sentry/core@8.47.0": {
      "integrity": "sha512-iSEJZMe3DOcqBFZQAqgA3NB2lCWBc4Gv5x/SCri/TVg96wAlss4VrUunSI2Mp0J4jJ5nJcJ2ChqHSBAU48k3FA=="
    },
    "@sentry/deno@8.47.0": {
      "integrity": "sha512-zulDCXy1vya5FgxFi2PVcFjhfKLDOueTJTCg6hoxCvkkjfGfdBYkTE6d/m5Olx+fS9Bx0F3UwyQ6h63wy9xmtQ==",
      "dependencies": [
        "@sentry/core"
      ]
    },
    "@types/babel__helper-validator-identifier@7.15.2": {
      "integrity": "sha512-l3dkwCt890NFhMwPKXbxsWXC0Por0/+KaFIiQP1j38/vWSH2P3Tn6m+IuJHkx2SBI3VLFqincFe9JtBk2NFHOw=="
    },
    "@types/lodash-es@4.17.12": {
      "integrity": "sha512-0NgftHUcV4v34VhXm8QBSftKVXtbkBG3ViCjs6+eJ5a6y6Mi/jiFGPc1sC7QK+9BFhWrURE3EOggmWaSxL9OzQ==",
      "dependencies": [
        "@types/lodash"
      ]
    },
    "@types/lodash@4.17.15": {
      "integrity": "sha512-w/P33JFeySuhN6JLkysYUK2gEmy9kHHFN7E8ro0tkfmlDOgxBDzWEZ/J8cWA+fHqFevpswDTFZnDx+R9lbL6xw=="
    },
    "hono@4.7.2": {
      "integrity": "sha512-8V5XxoOF6SI12jkHkzX/6aLBMU5GEF5g387EjVSQipS0DlxWgWGSMeEayY3CRBjtTUQYwLHx9JYouWqKzy2Vng=="
    },
    "lodash-es@4.17.21": {
      "integrity": "sha512-mKnC+QJ9pWVzv+C4/U3rRsHapFfHvQFoFB92e52xeyGMcX6/OlIl78je1u8vePzYZSkkogMPJ2yjxxsb89cxyw=="
    },
    "openapi-types@12.1.3": {
      "integrity": "sha512-N4YtSYJqghVu4iek2ZUvcN/0aqH1kRDuNqzcycDxhOUpg7GdvLa2F3DgS6yBNhInhv2r/6I0Flkn7CqL8+nIcw=="
    },
    "openapi3-ts@4.4.0": {
      "integrity": "sha512-9asTNB9IkKEzWMcHmVZE7Ts3kC9G7AFHfs8i7caD8HbI76gEjdkId4z/AkP83xdZsH7PLAnnbl47qZkXuxpArw==",
      "dependencies": [
        "yaml"
      ]
    },
    "tiny-invariant@1.3.3": {
      "integrity": "sha512-+FbBPE1o9QAYvviau/qC5SE3caw21q3xkvWKBtja5vgqOWIHHJ3ioaq1VPfn/Szqctz2bU/oYeKd9/z5BL+PVg=="
    },
    "ts-pattern@5.6.0": {
      "integrity": "sha512-SL8u60X5+LoEy9tmQHWCdPc2hhb2pKI6I1tU5Jue3v8+iRqZdcT3mWPwKKJy1fMfky6uha82c8ByHAE8PMhKHw=="
    },
    "ts-pattern@5.6.2": {
      "integrity": "sha512-d4IxJUXROL5NCa3amvMg6VQW2HVtZYmUTPfvVtO7zJWGYLJ+mry9v2OmYm+z67aniQoQ8/yFNadiEwtNS9qQiw=="
    },
    "yaml@2.7.0": {
      "integrity": "sha512-+hSoy/QHluxmC9kCIJyL/uyFmLmc+e5CFR5Wa+bpIhIj85LVb9ZH2nVnqrHoSvKogwODv0ClqZkmiSSaIH5LTA=="
    },
    "zod-to-json-schema@3.24.2_zod@3.24.2": {
      "integrity": "sha512-pNUqrcSxuuB3/+jBbU8qKUbTbDqYUaG1vf5cXFjbhGgoUuA1amO/y4Q8lzfOhHU8HNPK6VFJ18lBDKj3OHyDsg==",
      "dependencies": [
        "zod@3.24.2"
      ]
    },
    "zod@3.24.1": {
      "integrity": "sha512-muH7gBL9sI1nciMZV67X5fTKKBLtwpZ5VBp1vsOQzj1MhrBZ4wlVCm3gedKZWLp0Oyel8sIGfeiz54Su+OVT+A=="
    },
    "zod@3.24.2": {
      "integrity": "sha512-lY7CDW43ECgW9u1TcT3IoXHflywfVqDYze4waEz812jR/bZ8FHDsl7pFQoSZTz5N+2NqRXs8GBwnAwo3ZNxqhQ=="
    }
  },
  "workspace": {
    "dependencies": [
      "jsr:@skmtc/core@^0.0.578",
      "jsr:@std/path@^1.0.8",
      "npm:lodash-es@^4.17.21",
      "npm:ts-pattern@^5.6.2"
    ]
  }
}
