{
  "version": "5",
  "specifiers": {
    "npm:arktype@2": "2.1.16",
    "npm:openapi-types@^12.1.3": "12.1.3",
    "npm:tiny-invariant@^1.3.3": "1.3.3",
    "npm:ts-pattern@^5.8.0": "5.8.0",
    "npm:valibot@1.1.0": "1.1.0"
  },
  "npm": {
    "@ark/schema@0.45.6": {
      "integrity": "sha512-uI/z6kAabOKeFxbJK2w26dD0FZLutL0LTw0o3EZsX+UC4exc34YUVkm7/wuUMvc5Z27IVDjoaZp9o7X4jOFAbg==",
      "dependencies": [
        "@ark/util"
      ]
    },
    "@ark/util@0.45.6": {
      "integrity": "sha512-eI8Y1X0+271Q1p8qU39tkyrzIVMZIuymzixzVD0UL7k+HJaPhbbrjuKW/1CZzQ64tc+ugl7z2kP01YlAMA5h7A=="
    },
    "arktype@2.1.16": {
      "integrity": "sha512-KEuoEtpmbNVAIZqyLE+ox4Ga/6ED7Oe3Ra90sxGe4ZnufLz8AH49Xqis0i6oNEq23KmpduRLZRfS+iTAkjnfDw==",
      "dependencies": [
        "@ark/schema",
        "@ark/util"
      ]
    },
    "openapi-types@12.1.3": {
      "integrity": "sha512-N4YtSYJqghVu4iek2ZUvcN/0aqH1kRDuNqzcycDxhOUpg7GdvLa2F3DgS6yBNhInhv2r/6I0Flkn7CqL8+nIcw=="
    },
    "tiny-invariant@1.3.3": {
      "integrity": "sha512-+FbBPE1o9QAYvviau/qC5SE3caw21q3xkvWKBtja5vgqOWIHHJ3ioaq1VPfn/Szqctz2bU/oYeKd9/z5BL+PVg=="
    },
    "ts-pattern@5.8.0": {
      "integrity": "sha512-kIjN2qmWiHnhgr5DAkAafF9fwb0T5OhMVSWrm8XEdTFnX6+wfXwYOFjeF86UZ54vduqiR7BfqScFmXSzSaH8oA=="
    },
    "valibot@1.1.0": {
      "integrity": "sha512-Nk8lX30Qhu+9txPYTwM0cFlWLdPFsFr6LblzqIySfbZph9+BFsAHsNvHOymEviUepeIW6KFHzpX8TKhbptBXXw=="
    }
  },
  "workspace": {
    "dependencies": [
      "jsr:@skmtc/core@^0.0.828",
      "jsr:@std/path@^1.1.2",
      "npm:arktype@2",
      "npm:openapi-types@^12.1.3",
      "npm:tiny-invariant@^1.3.3",
      "npm:ts-pattern@^5.8.0",
      "npm:valibot@1.1.0"
    ],
    "members": {
      "gen-msw": {
        "dependencies": [
          "jsr:@skmtc/gen-typescript@^0.0.41"
        ]
      },
      "gen-shadcn-form": {
        "dependencies": [
          "jsr:@skmtc/gen-tanstack-query-supabase-zod@^0.0.41",
          "jsr:@skmtc/gen-typescript@^0.0.41",
          "jsr:@skmtc/gen-zod@^0.0.41"
        ]
      },
      "gen-shadcn-select": {
        "dependencies": [
          "jsr:@skmtc/gen-tanstack-query-supabase-zod@^0.0.41",
          "jsr:@skmtc/gen-typescript@^0.0.41",
          "jsr:@skmtc/gen-zod@^0.0.41"
        ]
      },
      "gen-shadcn-table": {
        "dependencies": [
          "jsr:@skmtc/gen-tanstack-query-supabase-zod@^0.0.41",
          "jsr:@skmtc/gen-typescript@^0.0.41",
          "jsr:@skmtc/gen-zod@^0.0.41"
        ]
      },
      "gen-supabase-hono": {
        "dependencies": [
          "jsr:@skmtc/gen-typescript@^0.0.41",
          "jsr:@skmtc/gen-zod@^0.0.41"
        ]
      },
      "gen-tanstack-query-fetch-zod": {
        "dependencies": [
          "jsr:@skmtc/gen-typescript@^0.0.41",
          "jsr:@skmtc/gen-zod@^0.0.41"
        ]
      },
      "gen-tanstack-query-supabase-zod": {
        "dependencies": [
          "jsr:@skmtc/gen-typescript@^0.0.41",
          "jsr:@skmtc/gen-zod@^0.0.41"
        ]
      }
    }
  }
}
