{
  "version": "5",
  "specifiers": {
    "npm:tiny-invariant@^1.3.3": "1.3.3",
    "npm:ts-pattern@^5.8.0": "5.8.0",
    "npm:valibot@^1.1.0": "1.1.0"
  },
  "npm": {
    "tiny-invariant@1.3.3": {
      "integrity": "sha512-+FbBPE1o9QAYvviau/qC5SE3caw21q3xkvWKBtja5vgqOWIHHJ3ioaq1VPfn/Szqctz2bU/oYeKd9/z5BL+PVg=="
    },
    "ts-pattern@5.8.0": {
      "integrity": "sha512-kIjN2qmWiHnhgr5DAkAafF9fwb0T5OhMVSWrm8XEdTFnX6+wfXwYOFjeF86UZ54vduqiR7BfqScFmXSzSaH8oA=="
    },
    "valibot@1.1.0": {
      "integrity": "sha512-Nk8lX30Qhu+9txPYTwM0cFlWLdPFsFr6LblzqIySfbZph9+BFsAHsNvHOymEviUepeIW6KFHzpX8TKhbptBXXw=="
    }
  },
  "workspace": {
    "dependencies": [
      "jsr:@skmtc/core@^0.0.718",
      "jsr:@std/path@^1.0.6",
      "npm:tiny-invariant@^1.3.3",
      "npm:ts-pattern@^5.8.0",
      "npm:valibot@^1.1.0"
    ],
    "members": {
      "gen-msw": {
        "dependencies": [
          "jsr:@skmtc/gen-typescript@^0.0.31"
        ]
      },
      "gen-shadcn-form": {
        "dependencies": [
          "jsr:@skmtc/gen-tanstack-query-zod@^0.0.31",
          "jsr:@skmtc/gen-typescript@^0.0.31",
          "jsr:@skmtc/gen-zod@^0.0.31"
        ]
      },
      "gen-shadcn-select": {
        "dependencies": [
          "jsr:@skmtc/gen-tanstack-query-zod@^0.0.31",
          "jsr:@skmtc/gen-typescript@^0.0.31",
          "jsr:@skmtc/gen-zod@^0.0.31"
        ]
      },
      "gen-shadcn-table": {
        "dependencies": [
          "jsr:@skmtc/gen-tanstack-query-zod@^0.0.31",
          "jsr:@skmtc/gen-typescript@^0.0.31",
          "jsr:@skmtc/gen-zod@^0.0.31"
        ]
      },
      "gen-supabase-hono": {
        "dependencies": [
          "jsr:@skmtc/gen-typescript@^0.0.31",
          "jsr:@skmtc/gen-zod@^0.0.31"
        ]
      },
      "gen-tanstack-query-zod": {
        "dependencies": [
          "jsr:@skmtc/gen-typescript@^0.0.31",
          "jsr:@skmtc/gen-zod@^0.0.31"
        ]
      }
    }
  }
}
