{
  "version": "5",
  "specifiers": {
    "jsr:@skmtc/core@^0.0.828": "0.0.828",
    "jsr:@std/assert@1": "1.0.14",
    "jsr:@std/fmt@^1.0.5": "1.0.8",
    "jsr:@std/fs@^1.0.11": "1.0.19",
    "jsr:@std/internal@^1.0.10": "1.0.10",
    "jsr:@std/io@~0.225.2": "0.225.2",
    "jsr:@std/log@0.224": "0.224.14",
    "jsr:@std/log@~0.224.6": "0.224.14",
    "jsr:@std/path@^1.0.9": "1.1.2",
    "jsr:@std/path@^1.1.2": "1.1.2",
    "jsr:@std/yaml@^1.0.5": "1.0.9",
    "npm:@apiture/openapi-down-convert@0.14": "0.14.1",
    "npm:@babel/helper-validator-identifier@7.22.20": "7.22.20",
    "npm:@babel/helper-validator-identifier@7.27.1": "7.27.1",
    "npm:@sentry/node@^10.8.0": "10.11.0_@opentelemetry+api@1.9.0_@opentelemetry+context-async-hooks@2.1.0__@opentelemetry+api@1.9.0_@opentelemetry+core@2.1.0__@opentelemetry+api@1.9.0_@opentelemetry+instrumentation@0.203.0__@opentelemetry+api@1.9.0_@opentelemetry+resources@2.1.0__@opentelemetry+api@1.9.0_@opentelemetry+sdk-trace-base@2.1.0__@opentelemetry+api@1.9.0_@opentelemetry+semantic-conventions@1.37.0",
    "npm:@types/babel__helper-validator-identifier@7.15.2": "7.15.2",
    "npm:@types/lodash-es@4.17.12": "4.17.12",
    "npm:@types/node@*": "24.2.0",
    "npm:@types/react@19": "19.1.12",
    "npm:@types/swagger2openapi@7.0.4": "7.0.4",
    "npm:arktype@2": "2.1.16",
    "npm:gpt-tokenizer@^3.0.1": "3.0.1",
    "npm:lodash-es@4.17.21": "4.17.21",
    "npm:openapi-types@^12.1.3": "12.1.3",
    "npm:prettier@^3.6.2": "3.6.2",
    "npm:swagger2openapi@^7.0.8": "7.0.8",
    "npm:tiny-invariant@1.3.3": "1.3.3",
    "npm:tiny-invariant@^1.3.3": "1.3.3",
    "npm:ts-pattern@^5.8.0": "5.8.0",
    "npm:type-fest@4.35.0": "4.35.0",
    "npm:valibot@1.1.0": "1.1.0"
  },
  "jsr": {
    "@skmtc/core@0.0.828": {
      "integrity": "37aa8694fdc2cc4d2cccf3913fb9a1a199f53afdf13eab3b0fe38298d2df110e",
      "dependencies": [
        "jsr:@std/log@~0.224.6",
        "jsr:@std/path@^1.0.9",
        "jsr:@std/yaml",
        "npm:@apiture/openapi-down-convert",
        "npm:@babel/helper-validator-identifier@7.27.1",
        "npm:@sentry/node",
        "npm:@types/babel__helper-validator-identifier",
        "npm:@types/lodash-es",
        "npm:@types/swagger2openapi",
        "npm:gpt-tokenizer",
        "npm:lodash-es",
        "npm:openapi-types",
        "npm:prettier",
        "npm:swagger2openapi",
        "npm:tiny-invariant@1.3.3",
        "npm:ts-pattern",
        "npm:valibot"
      ]
    },
    "@std/assert@1.0.14": {
      "integrity": "68d0d4a43b365abc927f45a9b85c639ea18a9fab96ad92281e493e4ed84abaa4",
      "dependencies": [
        "jsr:@std/internal"
      ]
    },
    "@std/fmt@1.0.8": {
      "integrity": "71e1fc498787e4434d213647a6e43e794af4fd393ef8f52062246e06f7e372b7"
    },
    "@std/fs@1.0.19": {
      "integrity": "051968c2b1eae4d2ea9f79a08a3845740ef6af10356aff43d3e2ef11ed09fb06"
    },
    "@std/internal@1.0.10": {
      "integrity": "e3be62ce42cab0e177c27698e5d9800122f67b766a0bea6ca4867886cbde8cf7"
    },
    "@std/io@0.225.2": {
      "integrity": "3c740cd4ee4c082e6cfc86458f47e2ab7cb353dc6234d5e9b1f91a2de5f4d6c7"
    },
    "@std/log@0.224.14": {
      "integrity": "257f7adceee3b53bb2bc86c7242e7d1bc59729e57d4981c4a7e5b876c808f05e",
      "dependencies": [
        "jsr:@std/fmt",
        "jsr:@std/fs",
        "jsr:@std/io"
      ]
    },
    "@std/path@1.1.2": {
      "integrity": "c0b13b97dfe06546d5e16bf3966b1cadf92e1cc83e56ba5476ad8b498d9e3038",
      "dependencies": [
        "jsr:@std/internal"
      ]
    },
    "@std/yaml@1.0.9": {
      "integrity": "6bad3dc766dd85b4b37eabcba81b6aa4eac7a392792ae29abcfb0f90602d55bb"
    }
  },
  "npm": {
    "@apiture/openapi-down-convert@0.14.1": {
      "integrity": "sha512-7uQNuD3Zt8iPwyQjYo3kAiMXOncSvVKXvQNYMjlMn8cmIwkYH/Hl9s6VRoyhUFgg/3rSq4uVJJlLp2CMZjBlSQ==",
      "dependencies": [
        "commander",
        "js-yaml",
        "typescript"
      ],
      "bin": true
    },
    "@ark/schema@0.45.6": {
      "integrity": "sha512-uI/z6kAabOKeFxbJK2w26dD0FZLutL0LTw0o3EZsX+UC4exc34YUVkm7/wuUMvc5Z27IVDjoaZp9o7X4jOFAbg==",
      "dependencies": [
        "@ark/util"
      ]
    },
    "@ark/util@0.45.6": {
      "integrity": "sha512-eI8Y1X0+271Q1p8qU39tkyrzIVMZIuymzixzVD0UL7k+HJaPhbbrjuKW/1CZzQ64tc+ugl7z2kP01YlAMA5h7A=="
    },
    "@babel/helper-validator-identifier@7.22.20": {
      "integrity": "sha512-Y4OZ+ytlatR8AI+8KZfKuL5urKp7qey08ha31L8b3BwewJAoJamTzyvxPR/5D+KkdJCGPq/+8TukHBlY10FX9A=="
    },
    "@babel/helper-validator-identifier@7.27.1": {
      "integrity": "sha512-D2hP9eA+Sqx1kBZgzxZh0y1trbuU+JoDkiEwqhQ36nodYqJwyEIhPSdMNd7lOm/4io72luTPWH20Yda0xOuUow=="
    },
    "@exodus/schemasafe@1.3.0": {
      "integrity": "sha512-5Aap/GaRupgNx/feGBwLLTVv8OQFfv3pq2lPRzPg9R+IOBnDgghTGW7l7EuVXOvg5cc/xSAlRW8rBrjIC3Nvqw=="
    },
    "@opentelemetry/api-logs@0.203.0": {
      "integrity": "sha512-9B9RU0H7Ya1Dx/Rkyc4stuBZSGVQF27WigitInx2QQoj6KUpEFYPKoWjdFTunJYxmXmh17HeBvbMa1EhGyPmqQ==",
      "dependencies": [
        "@opentelemetry/api"
      ]
    },
    "@opentelemetry/api-logs@0.204.0": {
      "integrity": "sha512-DqxY8yoAaiBPivoJD4UtgrMS8gEmzZ5lnaxzPojzLVHBGqPxgWm4zcuvcUHZiqQ6kRX2Klel2r9y8cA2HAtqpw==",
      "dependencies": [
        "@opentelemetry/api"
      ]
    },
    "@opentelemetry/api-logs@0.57.2": {
      "integrity": "sha512-uIX52NnTM0iBh84MShlpouI7UKqkZ7MrUszTmaypHBu4r7NofznSnQRfJ+uUeDtQDj6w8eFGg5KBLDAwAPz1+A==",
      "dependencies": [
        "@opentelemetry/api"
      ]
    },
    "@opentelemetry/api@1.9.0": {
      "integrity": "sha512-3giAOQvZiH5F9bMlMiv8+GSPMeqg0dbaeo58/0SlA9sxSqZhnUtxzX9/2FzyhS9sWQf5S0GJE0AKBrFqjpeYcg=="
    },
    "@opentelemetry/context-async-hooks@2.1.0_@opentelemetry+api@1.9.0": {
      "integrity": "sha512-zOyetmZppnwTyPrt4S7jMfXiSX9yyfF0hxlA8B5oo2TtKl+/RGCy7fi4DrBfIf3lCPrkKsRBWZZD7RFojK7FDg==",
      "dependencies": [
        "@opentelemetry/api"
      ]
    },
    "@opentelemetry/core@2.0.1_@opentelemetry+api@1.9.0": {
      "integrity": "sha512-MaZk9SJIDgo1peKevlbhP6+IwIiNPNmswNL4AF0WaQJLbHXjr9SrZMgS12+iqr9ToV4ZVosCcc0f8Rg67LXjxw==",
      "dependencies": [
        "@opentelemetry/api",
        "@opentelemetry/semantic-conventions"
      ]
    },
    "@opentelemetry/core@2.1.0_@opentelemetry+api@1.9.0": {
      "integrity": "sha512-RMEtHsxJs/GiHHxYT58IY57UXAQTuUnZVco6ymDEqTNlJKTimM4qPUPVe8InNFyBjhHBEAx4k3Q8LtNayBsbUQ==",
      "dependencies": [
        "@opentelemetry/api",
        "@opentelemetry/semantic-conventions"
      ]
    },
    "@opentelemetry/instrumentation-amqplib@0.50.0_@opentelemetry+api@1.9.0": {
      "integrity": "sha512-kwNs/itehHG/qaQBcVrLNcvXVPW0I4FCOVtw3LHMLdYIqD7GJ6Yv2nX+a4YHjzbzIeRYj8iyMp0Bl7tlkidq5w==",
      "dependencies": [
        "@opentelemetry/api",
        "@opentelemetry/core@2.1.0_@opentelemetry+api@1.9.0",
        "@opentelemetry/instrumentation@0.203.0_@opentelemetry+api@1.9.0",
        "@opentelemetry/semantic-conventions"
      ]
    },
    "@opentelemetry/instrumentation-connect@0.47.0_@opentelemetry+api@1.9.0": {
      "integrity": "sha512-pjenvjR6+PMRb6/4X85L4OtkQCootgb/Jzh/l/Utu3SJHBid1F+gk9sTGU2FWuhhEfV6P7MZ7BmCdHXQjgJ42g==",
      "dependencies": [
        "@opentelemetry/api",
        "@opentelemetry/core@2.1.0_@opentelemetry+api@1.9.0",
        "@opentelemetry/instrumentation@0.203.0_@opentelemetry+api@1.9.0",
        "@opentelemetry/semantic-conventions",
        "@types/connect"
      ]
    },
    "@opentelemetry/instrumentation-dataloader@0.21.1_@opentelemetry+api@1.9.0": {
      "integrity": "sha512-hNAm/bwGawLM8VDjKR0ZUDJ/D/qKR3s6lA5NV+btNaPVm2acqhPcT47l2uCVi+70lng2mywfQncor9v8/ykuyw==",
      "dependencies": [
        "@opentelemetry/api",
        "@opentelemetry/instrumentation@0.203.0_@opentelemetry+api@1.9.0"
      ]
    },
    "@opentelemetry/instrumentation-express@0.52.0_@opentelemetry+api@1.9.0": {
      "integrity": "sha512-W7pizN0Wh1/cbNhhTf7C62NpyYw7VfCFTYg0DYieSTrtPBT1vmoSZei19wfKLnrMsz3sHayCg0HxCVL2c+cz5w==",
      "dependencies": [
        "@opentelemetry/api",
        "@opentelemetry/core@2.1.0_@opentelemetry+api@1.9.0",
        "@opentelemetry/instrumentation@0.203.0_@opentelemetry+api@1.9.0",
        "@opentelemetry/semantic-conventions"
      ]
    },
    "@opentelemetry/instrumentation-fs@0.23.0_@opentelemetry+api@1.9.0": {
      "integrity": "sha512-Puan+QopWHA/KNYvDfOZN6M/JtF6buXEyD934vrb8WhsX1/FuM7OtoMlQyIqAadnE8FqqDL4KDPiEfCQH6pQcQ==",
      "dependencies": [
        "@opentelemetry/api",
        "@opentelemetry/core@2.1.0_@opentelemetry+api@1.9.0",
        "@opentelemetry/instrumentation@0.203.0_@opentelemetry+api@1.9.0"
      ]
    },
    "@opentelemetry/instrumentation-generic-pool@0.47.0_@opentelemetry+api@1.9.0": {
      "integrity": "sha512-UfHqf3zYK+CwDwEtTjaD12uUqGGTswZ7ofLBEdQ4sEJp9GHSSJMQ2hT3pgBxyKADzUdoxQAv/7NqvL42ZI+Qbw==",
      "dependencies": [
        "@opentelemetry/api",
        "@opentelemetry/instrumentation@0.203.0_@opentelemetry+api@1.9.0"
      ]
    },
    "@opentelemetry/instrumentation-graphql@0.51.0_@opentelemetry+api@1.9.0": {
      "integrity": "sha512-LchkOu9X5DrXAnPI1+Z06h/EH/zC7D6sA86hhPrk3evLlsJTz0grPrkL/yUJM9Ty0CL/y2HSvmWQCjbJEz/ADg==",
      "dependencies": [
        "@opentelemetry/api",
        "@opentelemetry/instrumentation@0.203.0_@opentelemetry+api@1.9.0"
      ]
    },
    "@opentelemetry/instrumentation-hapi@0.50.0_@opentelemetry+api@1.9.0": {
      "integrity": "sha512-5xGusXOFQXKacrZmDbpHQzqYD1gIkrMWuwvlrEPkYOsjUqGUjl1HbxCsn5Y9bUXOCgP1Lj6A4PcKt1UiJ2MujA==",
      "dependencies": [
        "@opentelemetry/api",
        "@opentelemetry/core@2.1.0_@opentelemetry+api@1.9.0",
        "@opentelemetry/instrumentation@0.203.0_@opentelemetry+api@1.9.0",
        "@opentelemetry/semantic-conventions"
      ]
    },
    "@opentelemetry/instrumentation-http@0.203.0_@opentelemetry+api@1.9.0": {
      "integrity": "sha512-y3uQAcCOAwnO6vEuNVocmpVzG3PER6/YZqbPbbffDdJ9te5NkHEkfSMNzlC3+v7KlE+WinPGc3N7MR30G1HY2g==",
      "dependencies": [
        "@opentelemetry/api",
        "@opentelemetry/core@2.0.1_@opentelemetry+api@1.9.0",
        "@opentelemetry/instrumentation@0.203.0_@opentelemetry+api@1.9.0",
        "@opentelemetry/semantic-conventions",
        "forwarded-parse"
      ]
    },
    "@opentelemetry/instrumentation-ioredis@0.52.0_@opentelemetry+api@1.9.0": {
      "integrity": "sha512-rUvlyZwI90HRQPYicxpDGhT8setMrlHKokCtBtZgYxQWRF5RBbG4q0pGtbZvd7kyseuHbFpA3I/5z7M8b/5ywg==",
      "dependencies": [
        "@opentelemetry/api",
        "@opentelemetry/instrumentation@0.204.0_@opentelemetry+api@1.9.0",
        "@opentelemetry/redis-common",
        "@opentelemetry/semantic-conventions"
      ]
    },
    "@opentelemetry/instrumentation-kafkajs@0.13.0_@opentelemetry+api@1.9.0": {
      "integrity": "sha512-FPQyJsREOaGH64hcxlzTsIEQC4DYANgTwHjiB7z9lldmvua1LRMVn3/FfBlzXoqF179B0VGYviz6rn75E9wsDw==",
      "dependencies": [
        "@opentelemetry/api",
        "@opentelemetry/instrumentation@0.203.0_@opentelemetry+api@1.9.0",
        "@opentelemetry/semantic-conventions"
      ]
    },
    "@opentelemetry/instrumentation-knex@0.48.0_@opentelemetry+api@1.9.0": {
      "integrity": "sha512-V5wuaBPv/lwGxuHjC6Na2JFRjtPgstw19jTFl1B1b6zvaX8zVDYUDaR5hL7glnQtUSCMktPttQsgK4dhXpddcA==",
      "dependencies": [
        "@opentelemetry/api",
        "@opentelemetry/instrumentation@0.203.0_@opentelemetry+api@1.9.0",
        "@opentelemetry/semantic-conventions"
      ]
    },
    "@opentelemetry/instrumentation-koa@0.51.0_@opentelemetry+api@1.9.0": {
      "integrity": "sha512-XNLWeMTMG1/EkQBbgPYzCeBD0cwOrfnn8ao4hWgLv0fNCFQu1kCsJYygz2cvKuCs340RlnG4i321hX7R8gj3Rg==",
      "dependencies": [
        "@opentelemetry/api",
        "@opentelemetry/core@2.1.0_@opentelemetry+api@1.9.0",
        "@opentelemetry/instrumentation@0.203.0_@opentelemetry+api@1.9.0",
        "@opentelemetry/semantic-conventions"
      ]
    },
    "@opentelemetry/instrumentation-lru-memoizer@0.48.0_@opentelemetry+api@1.9.0": {
      "integrity": "sha512-KUW29wfMlTPX1wFz+NNrmE7IzN7NWZDrmFWHM/VJcmFEuQGnnBuTIdsP55CnBDxKgQ/qqYFp4udQFNtjeFosPw==",
      "dependencies": [
        "@opentelemetry/api",
        "@opentelemetry/instrumentation@0.203.0_@opentelemetry+api@1.9.0"
      ]
    },
    "@opentelemetry/instrumentation-mongodb@0.56.0_@opentelemetry+api@1.9.0": {
      "integrity": "sha512-YG5IXUUmxX3Md2buVMvxm9NWlKADrnavI36hbJsihqqvBGsWnIfguf0rUP5Srr0pfPqhQjUP+agLMsvu0GmUpA==",
      "dependencies": [
        "@opentelemetry/api",
        "@opentelemetry/instrumentation@0.203.0_@opentelemetry+api@1.9.0",
        "@opentelemetry/semantic-conventions"
      ]
    },
    "@opentelemetry/instrumentation-mongoose@0.50.0_@opentelemetry+api@1.9.0": {
      "integrity": "sha512-Am8pk1Ct951r4qCiqkBcGmPIgGhoDiFcRtqPSLbJrUZqEPUsigjtMjoWDRLG1Ki1NHgOF7D0H7d+suWz1AAizw==",
      "dependencies": [
        "@opentelemetry/api",
        "@opentelemetry/core@2.1.0_@opentelemetry+api@1.9.0",
        "@opentelemetry/instrumentation@0.203.0_@opentelemetry+api@1.9.0",
        "@opentelemetry/semantic-conventions"
      ]
    },
    "@opentelemetry/instrumentation-mysql2@0.50.0_@opentelemetry+api@1.9.0": {
      "integrity": "sha512-PoOMpmq73rOIE3nlTNLf3B1SyNYGsp7QXHYKmeTZZnJ2Ou7/fdURuOhWOI0e6QZ5gSem18IR1sJi6GOULBQJ9g==",
      "dependencies": [
        "@opentelemetry/api",
        "@opentelemetry/instrumentation@0.203.0_@opentelemetry+api@1.9.0",
        "@opentelemetry/semantic-conventions",
        "@opentelemetry/sql-common"
      ]
    },
    "@opentelemetry/instrumentation-mysql@0.49.0_@opentelemetry+api@1.9.0": {
      "integrity": "sha512-QU9IUNqNsrlfE3dJkZnFHqLjlndiU39ll/YAAEvWE40sGOCi9AtOF6rmEGzJ1IswoZ3oyePV7q2MP8SrhJfVAA==",
      "dependencies": [
        "@opentelemetry/api",
        "@opentelemetry/instrumentation@0.203.0_@opentelemetry+api@1.9.0",
        "@opentelemetry/semantic-conventions",
        "@types/mysql"
      ]
    },
    "@opentelemetry/instrumentation-pg@0.55.0_@opentelemetry+api@1.9.0": {
      "integrity": "sha512-yfJ5bYE7CnkW/uNsnrwouG/FR7nmg09zdk2MSs7k0ZOMkDDAE3WBGpVFFApGgNu2U+gtzLgEzOQG4I/X+60hXw==",
      "dependencies": [
        "@opentelemetry/api",
        "@opentelemetry/core@2.1.0_@opentelemetry+api@1.9.0",
        "@opentelemetry/instrumentation@0.203.0_@opentelemetry+api@1.9.0",
        "@opentelemetry/semantic-conventions",
        "@opentelemetry/sql-common",
        "@types/pg",
        "@types/pg-pool"
      ]
    },
    "@opentelemetry/instrumentation-redis@0.51.0_@opentelemetry+api@1.9.0": {
      "integrity": "sha512-uL/GtBA0u72YPPehwOvthAe+Wf8k3T+XQPBssJmTYl6fzuZjNq8zTfxVFhl9nRFjFVEe+CtiYNT0Q3AyqW1Z0A==",
      "dependencies": [
        "@opentelemetry/api",
        "@opentelemetry/instrumentation@0.203.0_@opentelemetry+api@1.9.0",
        "@opentelemetry/redis-common",
        "@opentelemetry/semantic-conventions"
      ]
    },
    "@opentelemetry/instrumentation-tedious@0.22.0_@opentelemetry+api@1.9.0": {
      "integrity": "sha512-XrrNSUCyEjH1ax9t+Uo6lv0S2FCCykcF7hSxBMxKf7Xn0bPRxD3KyFUZy25aQXzbbbUHhtdxj3r2h88SfEM3aA==",
      "dependencies": [
        "@opentelemetry/api",
        "@opentelemetry/instrumentation@0.203.0_@opentelemetry+api@1.9.0",
        "@opentelemetry/semantic-conventions",
        "@types/tedious"
      ]
    },
    "@opentelemetry/instrumentation-undici@0.14.0_@opentelemetry+api@1.9.0": {
      "integrity": "sha512-2HN+7ztxAReXuxzrtA3WboAKlfP5OsPA57KQn2AdYZbJ3zeRPcLXyW4uO/jpLE6PLm0QRtmeGCmfYpqRlwgSwg==",
      "dependencies": [
        "@opentelemetry/api",
        "@opentelemetry/core@2.1.0_@opentelemetry+api@1.9.0",
        "@opentelemetry/instrumentation@0.203.0_@opentelemetry+api@1.9.0"
      ]
    },
    "@opentelemetry/instrumentation@0.203.0_@opentelemetry+api@1.9.0": {
      "integrity": "sha512-ke1qyM+3AK2zPuBPb6Hk/GCsc5ewbLvPNkEuELx/JmANeEp6ZjnZ+wypPAJSucTw0wvCGrUaibDSdcrGFoWxKQ==",
      "dependencies": [
        "@opentelemetry/api",
        "@opentelemetry/api-logs@0.203.0",
        "import-in-the-middle",
        "require-in-the-middle"
      ]
    },
    "@opentelemetry/instrumentation@0.204.0_@opentelemetry+api@1.9.0": {
      "integrity": "sha512-vV5+WSxktzoMP8JoYWKeopChy6G3HKk4UQ2hESCRDUUTZqQ3+nM3u8noVG0LmNfRWwcFBnbZ71GKC7vaYYdJ1g==",
      "dependencies": [
        "@opentelemetry/api",
        "@opentelemetry/api-logs@0.204.0",
        "import-in-the-middle",
        "require-in-the-middle"
      ]
    },
    "@opentelemetry/instrumentation@0.57.2_@opentelemetry+api@1.9.0": {
      "integrity": "sha512-BdBGhQBh8IjZ2oIIX6F2/Q3LKm/FDDKi6ccYKcBTeilh6SNdNKveDOLk73BkSJjQLJk6qe4Yh+hHw1UPhCDdrg==",
      "dependencies": [
        "@opentelemetry/api",
        "@opentelemetry/api-logs@0.57.2",
        "@types/shimmer",
        "import-in-the-middle",
        "require-in-the-middle",
        "semver",
        "shimmer"
      ]
    },
    "@opentelemetry/redis-common@0.38.0": {
      "integrity": "sha512-4Wc0AWURII2cfXVVoZ6vDqK+s5n4K5IssdrlVrvGsx6OEOKdghKtJZqXAHWFiZv4nTDLH2/2fldjIHY8clMOjQ=="
    },
    "@opentelemetry/resources@2.1.0_@opentelemetry+api@1.9.0": {
      "integrity": "sha512-1CJjf3LCvoefUOgegxi8h6r4B/wLSzInyhGP2UmIBYNlo4Qk5CZ73e1eEyWmfXvFtm1ybkmfb2DqWvspsYLrWw==",
      "dependencies": [
        "@opentelemetry/api",
        "@opentelemetry/core@2.1.0_@opentelemetry+api@1.9.0",
        "@opentelemetry/semantic-conventions"
      ]
    },
    "@opentelemetry/sdk-trace-base@2.1.0_@opentelemetry+api@1.9.0": {
      "integrity": "sha512-uTX9FBlVQm4S2gVQO1sb5qyBLq/FPjbp+tmGoxu4tIgtYGmBYB44+KX/725RFDe30yBSaA9Ml9fqphe1hbUyLQ==",
      "dependencies": [
        "@opentelemetry/api",
        "@opentelemetry/core@2.1.0_@opentelemetry+api@1.9.0",
        "@opentelemetry/resources",
        "@opentelemetry/semantic-conventions"
      ]
    },
    "@opentelemetry/semantic-conventions@1.37.0": {
      "integrity": "sha512-JD6DerIKdJGmRp4jQyX5FlrQjA4tjOw1cvfsPAZXfOOEErMUHjPcPSICS+6WnM0nB0efSFARh0KAZss+bvExOA=="
    },
    "@opentelemetry/sql-common@0.41.0_@opentelemetry+api@1.9.0": {
      "integrity": "sha512-pmzXctVbEERbqSfiAgdes9Y63xjoOyXcD7B6IXBkVb+vbM7M9U98mn33nGXxPf4dfYR0M+vhcKRZmbSJ7HfqFA==",
      "dependencies": [
        "@opentelemetry/api",
        "@opentelemetry/core@2.1.0_@opentelemetry+api@1.9.0"
      ]
    },
    "@prisma/instrumentation@6.14.0_@opentelemetry+api@1.9.0": {
      "integrity": "sha512-Po/Hry5bAeunRDq0yAQueKookW3glpP+qjjvvyOfm6dI2KG5/Y6Bgg3ahyWd7B0u2E+Wf9xRk2rtdda7ySgK1A==",
      "dependencies": [
        "@opentelemetry/api",
        "@opentelemetry/instrumentation@0.57.2_@opentelemetry+api@1.9.0"
      ]
    },
    "@sentry/core@10.11.0": {
      "integrity": "sha512-39Rxn8cDXConx3+SKOCAhW+/hklM7UDaz+U1OFzFMDlT59vXSpfI6bcXtNiFDrbOxlQ2hX8yAqx8YRltgSftoA=="
    },
    "@sentry/node-core@10.11.0_@opentelemetry+api@1.9.0_@opentelemetry+context-async-hooks@2.1.0__@opentelemetry+api@1.9.0_@opentelemetry+core@2.1.0__@opentelemetry+api@1.9.0_@opentelemetry+instrumentation@0.203.0__@opentelemetry+api@1.9.0_@opentelemetry+resources@2.1.0__@opentelemetry+api@1.9.0_@opentelemetry+sdk-trace-base@2.1.0__@opentelemetry+api@1.9.0_@opentelemetry+semantic-conventions@1.37.0": {
      "integrity": "sha512-dkVZ06F+W5W0CsD47ATTTOTTocmccT/ezrF9idspQq+HVOcjoKSU60WpWo22NjtVNdSYKLnom0q1LKRoaRA/Ww==",
      "dependencies": [
        "@opentelemetry/api",
        "@opentelemetry/context-async-hooks",
        "@opentelemetry/core@2.1.0_@opentelemetry+api@1.9.0",
        "@opentelemetry/instrumentation@0.203.0_@opentelemetry+api@1.9.0",
        "@opentelemetry/resources",
        "@opentelemetry/sdk-trace-base",
        "@opentelemetry/semantic-conventions",
        "@sentry/core",
        "@sentry/opentelemetry",
        "import-in-the-middle"
      ]
    },
    "@sentry/node@10.11.0_@opentelemetry+api@1.9.0_@opentelemetry+context-async-hooks@2.1.0__@opentelemetry+api@1.9.0_@opentelemetry+core@2.1.0__@opentelemetry+api@1.9.0_@opentelemetry+instrumentation@0.203.0__@opentelemetry+api@1.9.0_@opentelemetry+resources@2.1.0__@opentelemetry+api@1.9.0_@opentelemetry+sdk-trace-base@2.1.0__@opentelemetry+api@1.9.0_@opentelemetry+semantic-conventions@1.37.0": {
      "integrity": "sha512-Tbcjr3iQAEjYi7/QIpdS8afv/LU1TwDTiy5x87MSpVEoeFcZ7f2iFC4GV0fhB3p4qDuFdL2JGVsIIrzapp8Y4A==",
      "dependencies": [
        "@opentelemetry/api",
        "@opentelemetry/context-async-hooks",
        "@opentelemetry/core@2.1.0_@opentelemetry+api@1.9.0",
        "@opentelemetry/instrumentation@0.203.0_@opentelemetry+api@1.9.0",
        "@opentelemetry/instrumentation-amqplib",
        "@opentelemetry/instrumentation-connect",
        "@opentelemetry/instrumentation-dataloader",
        "@opentelemetry/instrumentation-express",
        "@opentelemetry/instrumentation-fs",
        "@opentelemetry/instrumentation-generic-pool",
        "@opentelemetry/instrumentation-graphql",
        "@opentelemetry/instrumentation-hapi",
        "@opentelemetry/instrumentation-http",
        "@opentelemetry/instrumentation-ioredis",
        "@opentelemetry/instrumentation-kafkajs",
        "@opentelemetry/instrumentation-knex",
        "@opentelemetry/instrumentation-koa",
        "@opentelemetry/instrumentation-lru-memoizer",
        "@opentelemetry/instrumentation-mongodb",
        "@opentelemetry/instrumentation-mongoose",
        "@opentelemetry/instrumentation-mysql",
        "@opentelemetry/instrumentation-mysql2",
        "@opentelemetry/instrumentation-pg",
        "@opentelemetry/instrumentation-redis",
        "@opentelemetry/instrumentation-tedious",
        "@opentelemetry/instrumentation-undici",
        "@opentelemetry/resources",
        "@opentelemetry/sdk-trace-base",
        "@opentelemetry/semantic-conventions",
        "@prisma/instrumentation",
        "@sentry/core",
        "@sentry/node-core",
        "@sentry/opentelemetry",
        "import-in-the-middle",
        "minimatch"
      ]
    },
    "@sentry/opentelemetry@10.11.0_@opentelemetry+api@1.9.0_@opentelemetry+context-async-hooks@2.1.0__@opentelemetry+api@1.9.0_@opentelemetry+core@2.1.0__@opentelemetry+api@1.9.0_@opentelemetry+sdk-trace-base@2.1.0__@opentelemetry+api@1.9.0_@opentelemetry+semantic-conventions@1.37.0": {
      "integrity": "sha512-BY2SsVlRKICzNUO9atUy064BZqYnhV5A/O+JjEx0kj7ylq+oZd++zmGkks00rSwaJE220cVcVhpwqxcFUpc2hw==",
      "dependencies": [
        "@opentelemetry/api",
        "@opentelemetry/context-async-hooks",
        "@opentelemetry/core@2.1.0_@opentelemetry+api@1.9.0",
        "@opentelemetry/sdk-trace-base",
        "@opentelemetry/semantic-conventions",
        "@sentry/core"
      ]
    },
    "@types/babel__helper-validator-identifier@7.15.2": {
      "integrity": "sha512-l3dkwCt890NFhMwPKXbxsWXC0Por0/+KaFIiQP1j38/vWSH2P3Tn6m+IuJHkx2SBI3VLFqincFe9JtBk2NFHOw=="
    },
    "@types/connect@3.4.38": {
      "integrity": "sha512-K6uROf1LD88uDQqJCktA4yzL1YYAK6NgfsI0v/mTgyPKWsX1CnJ0XPSDhViejru1GcRkLWb8RlzFYJRqGUbaug==",
      "dependencies": [
        "@types/node"
      ]
    },
    "@types/lodash-es@4.17.12": {
      "integrity": "sha512-0NgftHUcV4v34VhXm8QBSftKVXtbkBG3ViCjs6+eJ5a6y6Mi/jiFGPc1sC7QK+9BFhWrURE3EOggmWaSxL9OzQ==",
      "dependencies": [
        "@types/lodash"
      ]
    },
    "@types/lodash@4.17.20": {
      "integrity": "sha512-H3MHACvFUEiujabxhaI/ImO6gUrd8oOurg7LQtS7mbwIXA/cUqWrvBsaeJ23aZEPk1TAYkurjfMbSELfoCXlGA=="
    },
    "@types/mysql@2.15.27": {
      "integrity": "sha512-YfWiV16IY0OeBfBCk8+hXKmdTKrKlwKN1MNKAPBu5JYxLwBEZl7QzeEpGnlZb3VMGJrrGmB84gXiH+ofs/TezA==",
      "dependencies": [
        "@types/node"
      ]
    },
    "@types/node@24.2.0": {
      "integrity": "sha512-3xyG3pMCq3oYCNg7/ZP+E1ooTaGB4cG8JWRsqqOYQdbWNY4zbaV0Ennrd7stjiJEFZCaybcIgpTjJWHRfBSIDw==",
      "dependencies": [
        "undici-types"
      ]
    },
    "@types/pg-pool@2.0.6": {
      "integrity": "sha512-TaAUE5rq2VQYxab5Ts7WZhKNmuN78Q6PiFonTDdpbx8a1H0M1vhy3rhiMjl+e2iHmogyMw7jZF4FrE6eJUy5HQ==",
      "dependencies": [
        "@types/pg"
      ]
    },
    "@types/pg@8.15.4": {
      "integrity": "sha512-I6UNVBAoYbvuWkkU3oosC8yxqH21f4/Jc4DK71JLG3dT2mdlGe1z+ep/LQGXaKaOgcvUrsQoPRqfgtMcvZiJhg==",
      "dependencies": [
        "@types/node",
        "pg-protocol",
        "pg-types"
      ]
    },
    "@types/react@19.1.12": {
      "integrity": "sha512-cMoR+FoAf/Jyq6+Df2/Z41jISvGZZ2eTlnsaJRptmZ76Caldwy1odD4xTr/gNV9VLj0AWgg/nmkevIyUfIIq5w==",
      "dependencies": [
        "csstype"
      ]
    },
    "@types/shimmer@1.2.0": {
      "integrity": "sha512-UE7oxhQLLd9gub6JKIAhDq06T0F6FnztwMNRvYgjeQSBeMc1ZG/tA47EwfduvkuQS8apbkM/lpLpWsaCeYsXVg=="
    },
    "@types/swagger2openapi@7.0.4": {
      "integrity": "sha512-ffMqzciTDihOKH4Q//9Ond1yb5JP1P5FC/aFPsLK4blea1Fwk2aYctiNCkAh5etDYFswFXS+5LV/vuGkf+PU6A==",
      "dependencies": [
        "@types/node",
        "openapi-types"
      ]
    },
    "@types/tedious@4.0.14": {
      "integrity": "sha512-KHPsfX/FoVbUGbyYvk1q9MMQHLPeRZhRJZdO45Q4YjvFkv4hMNghCWTvy7rdKessBsmtz4euWCWAB6/tVpI1Iw==",
      "dependencies": [
        "@types/node"
      ]
    },
    "acorn-import-attributes@1.9.5_acorn@8.15.0": {
      "integrity": "sha512-n02Vykv5uA3eHGM/Z2dQrcD56kL8TyDb2p1+0P83PClMnC/nc+anbQRhIOWnSq4Ke/KvDPrY3C9hDtC/A3eHnQ==",
      "dependencies": [
        "acorn"
      ]
    },
    "acorn@8.15.0": {
      "integrity": "sha512-NZyJarBfL7nWwIq+FDL6Zp/yHEhePMNnnJ0y3qfieCrmNvYct8uvtiV41UvlSe6apAfk0fY1FbWx+NwfmpvtTg==",
      "bin": true
    },
    "ansi-regex@5.0.1": {
      "integrity": "sha512-quJQXlTSUGL2LH9SUXo8VwsY4soanhgo6LNSm84E1LBcE8s3O0wpdiRzyR9z/ZZJMlMWv37qOOb9pdJlMUEKFQ=="
    },
    "ansi-styles@4.3.0": {
      "integrity": "sha512-zbB9rCJAT1rbjiVDb2hqKFHNYLxgtk8NURxZ3IZwD3F6NtxbXZQCnnSi1Lkx+IDohdPlFp222wVALIheZJQSEg==",
      "dependencies": [
        "color-convert"
      ]
    },
    "argparse@2.0.1": {
      "integrity": "sha512-8+9WqebbFzpX9OR+Wa6O29asIogeRMzcGtAINdpMHHyAg10f05aSFVBbcEqGf/PXw1EjAZ+q2/bEBg3DvurK3Q=="
    },
    "arktype@2.1.16": {
      "integrity": "sha512-KEuoEtpmbNVAIZqyLE+ox4Ga/6ED7Oe3Ra90sxGe4ZnufLz8AH49Xqis0i6oNEq23KmpduRLZRfS+iTAkjnfDw==",
      "dependencies": [
        "@ark/schema",
        "@ark/util"
      ]
    },
    "balanced-match@1.0.2": {
      "integrity": "sha512-3oSeUO0TMV67hN1AmbXsK4yaqU7tjiHlbxRDZOpH0KW9+CeX4bRAaX0Anxt0tx2MrpRpWwQaPwIlISEJhYU5Pw=="
    },
    "brace-expansion@2.0.2": {
      "integrity": "sha512-Jt0vHyM+jmUBqojB7E1NIYadt0vI0Qxjxd2TErW94wDz+E2LAm5vKMXXwg6ZZBTHPuUlDgQHKXvjGBdfcF1ZDQ==",
      "dependencies": [
        "balanced-match"
      ]
    },
    "call-me-maybe@1.0.2": {
      "integrity": "sha512-HpX65o1Hnr9HH25ojC1YGs7HCQLq0GCOibSaWER0eNpgJ/Z1MZv2mTc7+xh6WOPxbRVcmgbv4hGU+uSQ/2xFZQ=="
    },
    "cjs-module-lexer@1.4.3": {
      "integrity": "sha512-9z8TZaGM1pfswYeXrUpzPrkx8UnWYdhJclsiYMm6x/w5+nN+8Tf/LnAgfLGQCm59qAOxU8WwHEq2vNwF6i4j+Q=="
    },
    "cliui@8.0.1": {
      "integrity": "sha512-BSeNnyus75C4//NQ9gQt1/csTXyo/8Sb+afLAkzAptFuMsod9HFokGNudZpi/oQV73hnVK+sR+5PVRMd+Dr7YQ==",
      "dependencies": [
        "string-width",
        "strip-ansi",
        "wrap-ansi"
      ]
    },
    "color-convert@2.0.1": {
      "integrity": "sha512-RRECPsj7iu/xb5oKYcsFHSppFNnsj/52OVTRKb4zP5onXwVF3zVmmToNcOfGC+CRDpfK/U584fMg38ZHCaElKQ==",
      "dependencies": [
        "color-name"
      ]
    },
    "color-name@1.1.4": {
      "integrity": "sha512-dOy+3AuW3a2wNbZHIuMZpTcgjGuLU/uBL/ubcZF9OXbDo8ff4O8yVp5Bf0efS8uEoYo5q4Fx7dY9OgQGXgAsQA=="
    },
    "commander@9.5.0": {
      "integrity": "sha512-KRs7WVDKg86PWiuAqhDrAQnTXZKraVcCc6vFdL14qrZ/DcWwuRo7VoiYXalXO7S5GKpqYiVEwCbgFDfxNHKJBQ=="
    },
    "csstype@3.1.3": {
      "integrity": "sha512-M1uQkMl8rQK/szD0LNhtqxIPLpimGm8sOBwU7lLnCpSbTyY3yeU1Vc7l4KT5zT4s/yOxHH5O7tIuuLOCnLADRw=="
    },
    "debug@4.4.1": {
      "integrity": "sha512-KcKCqiftBJcZr++7ykoDIEwSa3XWowTfNPo92BYxjXiyYEVrUQh2aLyhxBCwww+heortUFxEJYcRzosstTEBYQ==",
      "dependencies": [
        "ms"
      ]
    },
    "emoji-regex@8.0.0": {
      "integrity": "sha512-MSjYzcWNOA0ewAHpz0MxpYFvwg6yjy1NG3xteoqz644VCo/RPgnr1/GGt+ic3iJTzQ8Eu3TdM14SawnVUmGE6A=="
    },
    "es6-promise@3.3.1": {
      "integrity": "sha512-SOp9Phqvqn7jtEUxPWdWfWoLmyt2VaJ6MpvP9Comy1MceMXqE6bxvaTu4iaxpYYPzhny28Lc+M87/c2cPK6lDg=="
    },
    "escalade@3.2.0": {
      "integrity": "sha512-WUj2qlxaQtO4g6Pq5c29GTcWGDyd8itL8zTlipgECz3JesAiiOKotd8JU6otB3PACgG6xkJUyVhboMS+bje/jA=="
    },
    "fast-safe-stringify@2.1.1": {
      "integrity": "sha512-W+KJc2dmILlPplD/H4K9l9LcAHAfPtP6BY84uVLXQ6Evcz9Lcg33Y2z1IVblT6xdY54PXYVHEv+0Wpq8Io6zkA=="
    },
    "forwarded-parse@2.1.2": {
      "integrity": "sha512-alTFZZQDKMporBH77856pXgzhEzaUVmLCDk+egLgIgHst3Tpndzz8MnKe+GzRJRfvVdn69HhpW7cmXzvtLvJAw=="
    },
    "function-bind@1.1.2": {
      "integrity": "sha512-7XHNxH7qX9xG5mIwxkhumTox/MIRNcOgDrxWsMt2pAr23WHp6MrRlN7FBSFpCpr+oVO0F744iUgR82nJMfG2SA=="
    },
    "get-caller-file@2.0.5": {
      "integrity": "sha512-DyFP3BM/3YHTQOCUL/w0OZHR0lpKeGrxotcHWcqNEdnltqFwXVfhEBQ94eIo34AfQpo0rGki4cyIiftY06h2Fg=="
    },
    "gpt-tokenizer@3.0.1": {
      "integrity": "sha512-5jdaspBq/w4sWw322SvQj1Fku+CN4OAfYZeeEg8U7CWtxBz+zkxZ3h0YOHD43ee+nZYZ5Ud70HRN0ANcdIj4qg=="
    },
    "hasown@2.0.2": {
      "integrity": "sha512-0hJU9SCPvmMzIBdZFqNPXWa6dqh7WdH0cII9y+CyS8rG3nL48Bclra9HmKhVVUHyPWNH5Y7xDwAB7bfgSjkUMQ==",
      "dependencies": [
        "function-bind"
      ]
    },
    "http2-client@1.3.5": {
      "integrity": "sha512-EC2utToWl4RKfs5zd36Mxq7nzHHBuomZboI0yYL6Y0RmBgT7Sgkq4rQ0ezFTYoIsSs7Tm9SJe+o2FcAg6GBhGA=="
    },
    "import-in-the-middle@1.14.2_acorn@8.15.0": {
      "integrity": "sha512-5tCuY9BV8ujfOpwtAGgsTx9CGUapcFMEEyByLv1B+v2+6DhAcw+Zr0nhQT7uwaZ7DiourxFEscghOR8e1aPLQw==",
      "dependencies": [
        "acorn",
        "acorn-import-attributes",
        "cjs-module-lexer",
        "module-details-from-path"
      ]
    },
    "is-core-module@2.16.1": {
      "integrity": "sha512-UfoeMA6fIJ8wTYFEUjelnaGI67v6+N7qXJEvQuIGa99l4xsCruSYOVSQ0uPANn4dAzm8lkYPaKLrrijLq7x23w==",
      "dependencies": [
        "hasown"
      ]
    },
    "is-fullwidth-code-point@3.0.0": {
      "integrity": "sha512-zymm5+u+sCsSWyD9qNaejV3DFvhCKclKdizYaJUuHA83RLjb7nSuGnddCHGv0hk+KY7BMAlsWeK4Ueg6EV6XQg=="
    },
    "js-yaml@4.1.0": {
      "integrity": "sha512-wpxZs9NoxZaJESJGIZTyDEaYpl0FKSA+FB9aJiyemKhMwkxQg63h4T1KJgUGHpTqPDNRcmmYLugrRjJlBtWvRA==",
      "dependencies": [
        "argparse"
      ],
      "bin": true
    },
    "lodash-es@4.17.21": {
      "integrity": "sha512-mKnC+QJ9pWVzv+C4/U3rRsHapFfHvQFoFB92e52xeyGMcX6/OlIl78je1u8vePzYZSkkogMPJ2yjxxsb89cxyw=="
    },
    "minimatch@9.0.5": {
      "integrity": "sha512-G6T0ZX48xgozx7587koeX9Ys2NYy6Gmv//P89sEte9V9whIapMNF4idKxnW2QtCcLiTWlb/wfCabAtAFWhhBow==",
      "dependencies": [
        "brace-expansion"
      ]
    },
    "module-details-from-path@1.0.4": {
      "integrity": "sha512-EGWKgxALGMgzvxYF1UyGTy0HXX/2vHLkw6+NvDKW2jypWbHpjQuj4UMcqQWXHERJhVGKikolT06G3bcKe4fi7w=="
    },
    "ms@2.1.3": {
      "integrity": "sha512-6FlzubTLZG3J2a/NVCAleEhjzq5oxgHyaCU9yYXvcLsvoVaHJq/s5xXI6/XXP6tz7R9xAOtHnSO/tXtF3WRTlA=="
    },
    "node-fetch-h2@2.3.0": {
      "integrity": "sha512-ofRW94Ab0T4AOh5Fk8t0h8OBWrmjb0SSB20xh1H8YnPV9EJ+f5AMoYSUQ2zgJ4Iq2HAK0I2l5/Nequ8YzFS3Hg==",
      "dependencies": [
        "http2-client"
      ]
    },
    "node-fetch@2.7.0": {
      "integrity": "sha512-c4FRfUm/dbcWZ7U+1Wq0AwCyFL+3nt2bEw05wfxSz+DWpWsitgmSgYmy2dQdWyKC1694ELPqMs/YzUSNozLt8A==",
      "dependencies": [
        "whatwg-url"
      ]
    },
    "node-readfiles@0.2.0": {
      "integrity": "sha512-SU00ZarexNlE4Rjdm83vglt5Y9yiQ+XI1XpflWlb7q7UTN1JUItm69xMeiQCTxtTfnzt+83T8Cx+vI2ED++VDA==",
      "dependencies": [
        "es6-promise"
      ]
    },
    "oas-kit-common@1.0.8": {
      "integrity": "sha512-pJTS2+T0oGIwgjGpw7sIRU8RQMcUoKCDWFLdBqKB2BNmGpbBMH2sdqAaOXUg8OzonZHU0L7vfJu1mJFEiYDWOQ==",
      "dependencies": [
        "fast-safe-stringify"
      ]
    },
    "oas-linter@3.2.2": {
      "integrity": "sha512-KEGjPDVoU5K6swgo9hJVA/qYGlwfbFx+Kg2QB/kd7rzV5N8N5Mg6PlsoCMohVnQmo+pzJap/F610qTodKzecGQ==",
      "dependencies": [
        "@exodus/schemasafe",
        "should",
        "yaml"
      ]
    },
    "oas-resolver@2.5.6": {
      "integrity": "sha512-Yx5PWQNZomfEhPPOphFbZKi9W93CocQj18NlD2Pa4GWZzdZpSJvYwoiuurRI7m3SpcChrnO08hkuQDL3FGsVFQ==",
      "dependencies": [
        "node-fetch-h2",
        "oas-kit-common",
        "reftools",
        "yaml",
        "yargs"
      ],
      "bin": true
    },
    "oas-schema-walker@1.1.5": {
      "integrity": "sha512-2yucenq1a9YPmeNExoUa9Qwrt9RFkjqaMAA1X+U7sbb0AqBeTIdMHky9SQQ6iN94bO5NW0W4TRYXerG+BdAvAQ=="
    },
    "oas-validator@5.0.8": {
      "integrity": "sha512-cu20/HE5N5HKqVygs3dt94eYJfBi0TsZvPVXDhbXQHiEityDN+RROTleefoKRKKJ9dFAF2JBkDHgvWj0sjKGmw==",
      "dependencies": [
        "call-me-maybe",
        "oas-kit-common",
        "oas-linter",
        "oas-resolver",
        "oas-schema-walker",
        "reftools",
        "should",
        "yaml"
      ]
    },
    "openapi-types@12.1.3": {
      "integrity": "sha512-N4YtSYJqghVu4iek2ZUvcN/0aqH1kRDuNqzcycDxhOUpg7GdvLa2F3DgS6yBNhInhv2r/6I0Flkn7CqL8+nIcw=="
    },
    "path-parse@1.0.7": {
      "integrity": "sha512-LDJzPVEEEPR+y48z93A0Ed0yXb8pAByGWo/k5YYdYgpY2/2EsOsksJrq7lOHxryrVOn1ejG6oAp8ahvOIQD8sw=="
    },
    "pg-int8@1.0.1": {
      "integrity": "sha512-WCtabS6t3c8SkpDBUlb1kjOs7l66xsGdKpIPZsg4wR+B3+u9UAum2odSsF9tnvxg80h4ZxLWMy4pRjOsFIqQpw=="
    },
    "pg-protocol@1.10.3": {
      "integrity": "sha512-6DIBgBQaTKDJyxnXaLiLR8wBpQQcGWuAESkRBX/t6OwA8YsqP+iVSiond2EDy6Y/dsGk8rh/jtax3js5NeV7JQ=="
    },
    "pg-types@2.2.0": {
      "integrity": "sha512-qTAAlrEsl8s4OiEQY69wDvcMIdQN6wdz5ojQiOy6YRMuynxenON0O5oCpJI6lshc6scgAY8qvJ2On/p+CXY0GA==",
      "dependencies": [
        "pg-int8",
        "postgres-array",
        "postgres-bytea",
        "postgres-date",
        "postgres-interval"
      ]
    },
    "postgres-array@2.0.0": {
      "integrity": "sha512-VpZrUqU5A69eQyW2c5CA1jtLecCsN2U/bD6VilrFDWq5+5UIEVO7nazS3TEcHf1zuPYO/sqGvUvW62g86RXZuA=="
    },
    "postgres-bytea@1.0.0": {
      "integrity": "sha512-xy3pmLuQqRBZBXDULy7KbaitYqLcmxigw14Q5sj8QBVLqEwXfeybIKVWiqAXTlcvdvb0+xkOtDbfQMOf4lST1w=="
    },
    "postgres-date@1.0.7": {
      "integrity": "sha512-suDmjLVQg78nMK2UZ454hAG+OAW+HQPZ6n++TNDUX+L0+uUlLywnoxJKDou51Zm+zTCjrCl0Nq6J9C5hP9vK/Q=="
    },
    "postgres-interval@1.2.0": {
      "integrity": "sha512-9ZhXKM/rw350N1ovuWHbGxnGh/SNJ4cnxHiM0rxE4VN41wsg8P8zWn9hv/buK00RP4WvlOyr/RBDiptyxVbkZQ==",
      "dependencies": [
        "xtend"
      ]
    },
    "prettier@3.6.2": {
      "integrity": "sha512-I7AIg5boAr5R0FFtJ6rCfD+LFsWHp81dolrFD8S79U9tb8Az2nGrJncnMSnys+bpQJfRUzqs9hnA81OAA3hCuQ==",
      "bin": true
    },
    "reftools@1.1.9": {
      "integrity": "sha512-OVede/NQE13xBQ+ob5CKd5KyeJYU2YInb1bmV4nRoOfquZPkAkxuOXicSe1PvqIuZZ4kD13sPKBbR7UFDmli6w=="
    },
    "require-directory@2.1.1": {
      "integrity": "sha512-fGxEI7+wsG9xrvdjsrlmL22OMTTiHRwAMroiEeMgq8gzoLC/PQr7RsRDSTLUg/bZAZtF+TVIkHc6/4RIKrui+Q=="
    },
    "require-in-the-middle@7.5.2": {
      "integrity": "sha512-gAZ+kLqBdHarXB64XpAe2VCjB7rIRv+mU8tfRWziHRJ5umKsIHN2tLLv6EtMw7WCdP19S0ERVMldNvxYCHnhSQ==",
      "dependencies": [
        "debug",
        "module-details-from-path",
        "resolve"
      ]
    },
    "resolve@1.22.10": {
      "integrity": "sha512-NPRy+/ncIMeDlTAsuqwKIiferiawhefFJtkNSW0qZJEqMEb+qBt/77B/jGeeek+F0uOeN05CDa6HXbbIgtVX4w==",
      "dependencies": [
        "is-core-module",
        "path-parse",
        "supports-preserve-symlinks-flag"
      ],
      "bin": true
    },
    "semver@7.7.2": {
      "integrity": "sha512-RF0Fw+rO5AMf9MAyaRXI4AV0Ulj5lMHqVxxdSgiVbixSCXoEmmX/jk0CuJw4+3SqroYO9VoUh+HcuJivvtJemA==",
      "bin": true
    },
    "shimmer@1.2.1": {
      "integrity": "sha512-sQTKC1Re/rM6XyFM6fIAGHRPVGvyXfgzIDvzoq608vM+jeyVD0Tu1E6Np0Kc2zAIFWIj963V2800iF/9LPieQw=="
    },
    "should-equal@2.0.0": {
      "integrity": "sha512-ZP36TMrK9euEuWQYBig9W55WPC7uo37qzAEmbjHz4gfyuXrEUgF8cUvQVO+w+d3OMfPvSRQJ22lSm8MQJ43LTA==",
      "dependencies": [
        "should-type"
      ]
    },
    "should-format@3.0.3": {
      "integrity": "sha512-hZ58adtulAk0gKtua7QxevgUaXTTXxIi8t41L3zo9AHvjXO1/7sdLECuHeIN2SRtYXpNkmhoUP2pdeWgricQ+Q==",
      "dependencies": [
        "should-type",
        "should-type-adaptors"
      ]
    },
    "should-type-adaptors@1.1.0": {
      "integrity": "sha512-JA4hdoLnN+kebEp2Vs8eBe9g7uy0zbRo+RMcU0EsNy+R+k049Ki+N5tT5Jagst2g7EAja+euFuoXFCa8vIklfA==",
      "dependencies": [
        "should-type",
        "should-util"
      ]
    },
    "should-type@1.4.0": {
      "integrity": "sha512-MdAsTu3n25yDbIe1NeN69G4n6mUnJGtSJHygX3+oN0ZbO3DTiATnf7XnYJdGT42JCXurTb1JI0qOBR65shvhPQ=="
    },
    "should-util@1.0.1": {
      "integrity": "sha512-oXF8tfxx5cDk8r2kYqlkUJzZpDBqVY/II2WhvU0n9Y3XYvAYRmeaf1PvvIvTgPnv4KJ+ES5M0PyDq5Jp+Ygy2g=="
    },
    "should@13.2.3": {
      "integrity": "sha512-ggLesLtu2xp+ZxI+ysJTmNjh2U0TsC+rQ/pfED9bUZZ4DKefP27D+7YJVVTvKsmjLpIi9jAa7itwDGkDDmt1GQ==",
      "dependencies": [
        "should-equal",
        "should-format",
        "should-type",
        "should-type-adaptors",
        "should-util"
      ]
    },
    "string-width@4.2.3": {
      "integrity": "sha512-wKyQRQpjJ0sIp62ErSZdGsjMJWsap5oRNihHhu6G7JVO/9jIB6UyevL+tXuOqrng8j/cxKTWyWUwvSTriiZz/g==",
      "dependencies": [
        "emoji-regex",
        "is-fullwidth-code-point",
        "strip-ansi"
      ]
    },
    "strip-ansi@6.0.1": {
      "integrity": "sha512-Y38VPSHcqkFrCpFnQ9vuSXmquuv5oXOKpGeT6aGrr3o3Gc9AlVa6JBfUSOCnbxGGZF+/0ooI7KrPuUSztUdU5A==",
      "dependencies": [
        "ansi-regex"
      ]
    },
    "supports-preserve-symlinks-flag@1.0.0": {
      "integrity": "sha512-ot0WnXS9fgdkgIcePe6RHNk1WA8+muPa6cSjeR3V8K27q9BB1rTE3R1p7Hv0z1ZyAc8s6Vvv8DIyWf681MAt0w=="
    },
    "swagger2openapi@7.0.8": {
      "integrity": "sha512-upi/0ZGkYgEcLeGieoz8gT74oWHA0E7JivX7aN9mAf+Tc7BQoRBvnIGHoPDw+f9TXTW4s6kGYCZJtauP6OYp7g==",
      "dependencies": [
        "call-me-maybe",
        "node-fetch",
        "node-fetch-h2",
        "node-readfiles",
        "oas-kit-common",
        "oas-resolver",
        "oas-schema-walker",
        "oas-validator",
        "reftools",
        "yaml",
        "yargs"
      ],
      "bin": true
    },
    "tiny-invariant@1.3.3": {
      "integrity": "sha512-+FbBPE1o9QAYvviau/qC5SE3caw21q3xkvWKBtja5vgqOWIHHJ3ioaq1VPfn/Szqctz2bU/oYeKd9/z5BL+PVg=="
    },
    "tr46@0.0.3": {
      "integrity": "sha512-N3WMsuqV66lT30CrXNbEjx4GEwlow3v6rr4mCcv6prnfwhS01rkgyFdjPNBYd9br7LpXV1+Emh01fHnq2Gdgrw=="
    },
    "ts-pattern@5.8.0": {
      "integrity": "sha512-kIjN2qmWiHnhgr5DAkAafF9fwb0T5OhMVSWrm8XEdTFnX6+wfXwYOFjeF86UZ54vduqiR7BfqScFmXSzSaH8oA=="
    },
    "type-fest@4.35.0": {
      "integrity": "sha512-2/AwEFQDFEy30iOLjrvHDIH7e4HEWH+f1Yl1bI5XMqzuoCUqwYCdxachgsgv0og/JdVZUhbfjcJAoHj5L1753A=="
    },
    "typescript@4.9.5": {
      "integrity": "sha512-1FXk9E2Hm+QzZQ7z+McJiHL4NW1F2EzMu9Nq9i3zAaGqibafqYwCVU6WyWAuyQRRzOlxou8xZSyXLEN8oKj24g==",
      "bin": true
    },
    "undici-types@7.10.0": {
      "integrity": "sha512-t5Fy/nfn+14LuOc2KNYg75vZqClpAiqscVvMygNnlsHBFpSXdJaYtXMcdNLpl/Qvc3P2cB3s6lOV51nqsFq4ag=="
    },
    "valibot@1.1.0": {
      "integrity": "sha512-Nk8lX30Qhu+9txPYTwM0cFlWLdPFsFr6LblzqIySfbZph9+BFsAHsNvHOymEviUepeIW6KFHzpX8TKhbptBXXw=="
    },
    "webidl-conversions@3.0.1": {
      "integrity": "sha512-2JAn3z8AR6rjK8Sm8orRC0h/bcl/DqL7tRPdGZ4I1CjdF+EaMLmYxBHyXuKL849eucPFhvBoxMsflfOb8kxaeQ=="
    },
    "whatwg-url@5.0.0": {
      "integrity": "sha512-saE57nupxk6v3HY35+jzBwYa0rKSy0XR8JSxZPwgLr7ys0IBzhGviA1/TUGJLmSVqs8pb9AnvICXEuOHLprYTw==",
      "dependencies": [
        "tr46",
        "webidl-conversions"
      ]
    },
    "wrap-ansi@7.0.0": {
      "integrity": "sha512-YVGIj2kamLSTxw6NsZjoBxfSwsn0ycdesmc4p+Q21c5zPuZ1pl+NfxVdxPtdHvmNVOQ6XSYG4AUtyt/Fi7D16Q==",
      "dependencies": [
        "ansi-styles",
        "string-width",
        "strip-ansi"
      ]
    },
    "xtend@4.0.2": {
      "integrity": "sha512-LKYU1iAXJXUgAXn9URjiu+MWhyUXHsvfp7mcuYm9dSUKK0/CjtrUwFAxD82/mCWbtLsGjFIad0wIsod4zrTAEQ=="
    },
    "y18n@5.0.8": {
      "integrity": "sha512-0pfFzegeDWJHJIAmTLRP2DwHjdF5s7jo9tuztdQxAhINCdvS+3nGINqPd00AphqJR/0LhANUS6/+7SCb98YOfA=="
    },
    "yaml@1.10.2": {
      "integrity": "sha512-r3vXyErRCYJ7wg28yvBY5VSoAF8ZvlcW9/BwUzEtUsjvX/DKs24dIkuwjtuprwJJHsbyUbLApepYTR1BN4uHrg=="
    },
    "yargs-parser@21.1.1": {
      "integrity": "sha512-tVpsJW7DdjecAiFpbIB1e3qxIQsE6NoPc5/eTdrbbIC4h0LVsWhnoa3g+m2HclBIujHzsxZ4VJVA+GUuc2/LBw=="
    },
    "yargs@17.7.2": {
      "integrity": "sha512-7dSzzRQ++CKnNI/krKnYRV7JKKPUXMEh61soaHKg9mrWEhzFWhFnxPxGl+69cD1Ou63C13NUPCnmIcrvqCuM6w==",
      "dependencies": [
        "cliui",
        "escalade",
        "get-caller-file",
        "require-directory",
        "string-width",
        "y18n",
        "yargs-parser"
      ]
    }
  },
  "workspace": {
    "dependencies": [
      "jsr:@skmtc/core@^0.0.828",
      "jsr:@std/path@^1.1.2",
      "npm:arktype@2",
      "npm:openapi-types@^12.1.3",
      "npm:tiny-invariant@^1.3.3",
      "npm:ts-pattern@^5.8.0",
      "npm:valibot@1.1.0"
    ],
    "members": {
      "gen-msw": {
        "dependencies": [
          "jsr:@skmtc/gen-typescript@^0.0.39"
        ]
      },
      "gen-shadcn-form": {
        "dependencies": [
          "jsr:@skmtc/gen-tanstack-query-supabase-zod@^0.0.39",
          "jsr:@skmtc/gen-typescript@^0.0.39",
          "jsr:@skmtc/gen-zod@^0.0.39"
        ]
      },
      "gen-shadcn-select": {
        "dependencies": [
          "jsr:@skmtc/gen-tanstack-query-supabase-zod@^0.0.39",
          "jsr:@skmtc/gen-typescript@^0.0.39",
          "jsr:@skmtc/gen-zod@^0.0.39"
        ]
      },
      "gen-shadcn-table": {
        "dependencies": [
          "jsr:@skmtc/gen-tanstack-query-supabase-zod@^0.0.39",
          "jsr:@skmtc/gen-typescript@^0.0.39",
          "jsr:@skmtc/gen-zod@^0.0.39"
        ]
      },
      "gen-supabase-hono": {
        "dependencies": [
          "jsr:@skmtc/gen-typescript@^0.0.39",
          "jsr:@skmtc/gen-zod@^0.0.39"
        ]
      },
      "gen-tanstack-query-fetch-zod": {
        "dependencies": [
          "jsr:@skmtc/gen-typescript@^0.0.39",
          "jsr:@skmtc/gen-zod@^0.0.39"
        ]
      },
      "gen-tanstack-query-supabase-zod": {
        "dependencies": [
          "jsr:@skmtc/gen-typescript@^0.0.39",
          "jsr:@skmtc/gen-zod@^0.0.39"
        ]
      }
    }
  }
}
